
Microsoft Visual Studio Solution File, Format Version 12.00
# Visual Studio Version 17
VisualStudioVersion = 17.10.35122.118
MinimumVisualStudioVersion = 10.0.40219.1
Project("{FAE04EC0-301F-11D3-BF4B-00C04F79EFBC}") = "Jogno_EMS", "Jogno_EMS\Jogno_EMS.csproj", "{CFAA0234-2327-4C75-AD38-7F736A199058}"
EndProject
Global
	GlobalSection(SolutionConfigurationPlatforms) = preSolution
		Debug|Any CPU = Debug|Any CPU
		Release|Any CPU = Release|Any CPU
	EndGlobalSection
	GlobalSection(ProjectConfigurationPlatforms) = postSolution
		{CFAA0234-2327-4C75-AD38-7F736A199058}.Debug|Any CPU.ActiveCfg = Debug|Any CPU
		{CFAA0234-2327-4C75-AD38-7F736A199058}.Debug|Any CPU.Build.0 = Debug|Any CPU
		{CFAA0234-2327-4C75-AD38-7F736A199058}.Release|Any CPU.ActiveCfg = Release|Any CPU
		{CFAA0234-2327-4C75-AD38-7F736A199058}.Release|Any CPU.Build.0 = Release|Any CPU
	EndGlobalSection
	GlobalSection(SolutionProperties) = preSolution
		HideSolutionNode = FALSE
	EndGlobalSection
	GlobalSection(ExtensibilityGlobals) = postSolution
		SolutionGuid = {75E293F1-38B2-4E45-9800-A215A3F80F91}
	EndGlobalSection
EndGlobal
